
Microsoft Visual Studio Solution File, Format Version 12.00
# Visual Studio Version 16
VisualStudioVersion = 16.0.28803.202
MinimumVisualStudioVersion = 10.0.40219.1
Project("{FAE04EC0-301F-11D3-BF4B-00C04F79EFBC}") = "Millioners", "Millioners\Millioners.csproj", "{48351992-B0C0-46CD-A82A-0827C47AD218}"
EndProject
Global
	GlobalSection(SolutionConfigurationPlatforms) = preSolution
		Debug|Any CPU = Debug|Any CPU
		Release|Any CPU = Release|Any CPU
	EndGlobalSection
	GlobalSection(ProjectConfigurationPlatforms) = postSolution
		{48351992-B0C0-46CD-A82A-0827C47AD218}.Debug|Any CPU.ActiveCfg = Debug|Any CPU
		{48351992-B0C0-46CD-A82A-0827C47AD218}.Debug|Any CPU.Build.0 = Debug|Any CPU
		{48351992-B0C0-46CD-A82A-0827C47AD218}.Release|Any CPU.ActiveCfg = Release|Any CPU
		{48351992-B0C0-46CD-A82A-0827C47AD218}.Release|Any CPU.Build.0 = Release|Any CPU
	EndGlobalSection
	GlobalSection(SolutionProperties) = preSolution
		HideSolutionNode = FALSE
	EndGlobalSection
	GlobalSection(ExtensibilityGlobals) = postSolution
		SolutionGuid = {B122309B-130F-4DE5-B823-745A66E1010E}
	EndGlobalSection
EndGlobal
